
Microsoft Visual Studio Solution File, Format Version 12.00
# Visual Studio 15
VisualStudioVersion = 15.0.26430.16
MinimumVisualStudioVersion = 10.0.40219.1
Project("{9A19103F-16F7-4668-BE54-9A1E7A4F7556}") = "SingeltonExample", "SingeltonExample\SingeltonExample.csproj", "{C07F58AE-6502-4A6F-89F5-796EFC00B769}"
EndProject
Project("{9A19103F-16F7-4668-BE54-9A1E7A4F7556}") = "FactoryMethodExample", "FactoryMethodExample\FactoryMethodExample.csproj", "{175F4C5E-B039-4B31-9BF9-54B3202B39A3}"
EndProject
Project("{9A19103F-16F7-4668-BE54-9A1E7A4F7556}") = "BuilderExample", "BuilderExample\BuilderExample.csproj", "{17156A0A-C98D-4396-B752-AC824438C05D}"
EndProject
Project("{9A19103F-16F7-4668-BE54-9A1E7A4F7556}") = "CompositeExample", "CompositeExample\CompositeExample.csproj", "{998488A5-B2FD-48D5-8C9C-B417DC485A42}"
EndProject
Project("{FAE04EC0-301F-11D3-BF4B-00C04F79EFBC}") = "DecoratorExample", "DecoratorExample\DecoratorExample.csproj", "{21705279-4ADA-4639-828E-B30608D275D0}"
EndProject
Project("{FAE04EC0-301F-11D3-BF4B-00C04F79EFBC}") = "ObserverExample", "ObserverExample\ObserverExample.csproj", "{229C57C0-6364-4DCC-9FBD-2834D5D8060B}"
EndProject
Project("{FAE04EC0-301F-11D3-BF4B-00C04F79EFBC}") = "DelegatesExample", "DelegatesExample\DelegatesExample.csproj", "{4A9240FE-9CFA-4C51-8047-335AF0352C61}"
EndProject
Project("{FAE04EC0-301F-11D3-BF4B-00C04F79EFBC}") = "DelegatesInPraxis", "DelegatesInPraxis\DelegatesInPraxis.csproj", "{B3C7F01F-7D6E-4802-982D-6384E034DDFE}"
EndProject
Global
	GlobalSection(SolutionConfigurationPlatforms) = preSolution
		Debug|Any CPU = Debug|Any CPU
		Release|Any CPU = Release|Any CPU
	EndGlobalSection
	GlobalSection(ProjectConfigurationPlatforms) = postSolution
		{C07F58AE-6502-4A6F-89F5-796EFC00B769}.Debug|Any CPU.ActiveCfg = Debug|Any CPU
		{C07F58AE-6502-4A6F-89F5-796EFC00B769}.Debug|Any CPU.Build.0 = Debug|Any CPU
		{C07F58AE-6502-4A6F-89F5-796EFC00B769}.Release|Any CPU.ActiveCfg = Release|Any CPU
		{C07F58AE-6502-4A6F-89F5-796EFC00B769}.Release|Any CPU.Build.0 = Release|Any CPU
		{175F4C5E-B039-4B31-9BF9-54B3202B39A3}.Debug|Any CPU.ActiveCfg = Debug|Any CPU
		{175F4C5E-B039-4B31-9BF9-54B3202B39A3}.Debug|Any CPU.Build.0 = Debug|Any CPU
		{175F4C5E-B039-4B31-9BF9-54B3202B39A3}.Release|Any CPU.ActiveCfg = Release|Any CPU
		{175F4C5E-B039-4B31-9BF9-54B3202B39A3}.Release|Any CPU.Build.0 = Release|Any CPU
		{17156A0A-C98D-4396-B752-AC824438C05D}.Debug|Any CPU.ActiveCfg = Debug|Any CPU
		{17156A0A-C98D-4396-B752-AC824438C05D}.Debug|Any CPU.Build.0 = Debug|Any CPU
		{17156A0A-C98D-4396-B752-AC824438C05D}.Release|Any CPU.ActiveCfg = Release|Any CPU
		{17156A0A-C98D-4396-B752-AC824438C05D}.Release|Any CPU.Build.0 = Release|Any CPU
		{998488A5-B2FD-48D5-8C9C-B417DC485A42}.Debug|Any CPU.ActiveCfg = Debug|Any CPU
		{998488A5-B2FD-48D5-8C9C-B417DC485A42}.Debug|Any CPU.Build.0 = Debug|Any CPU
		{998488A5-B2FD-48D5-8C9C-B417DC485A42}.Release|Any CPU.ActiveCfg = Release|Any CPU
		{998488A5-B2FD-48D5-8C9C-B417DC485A42}.Release|Any CPU.Build.0 = Release|Any CPU
		{21705279-4ADA-4639-828E-B30608D275D0}.Debug|Any CPU.ActiveCfg = Debug|Any CPU
		{21705279-4ADA-4639-828E-B30608D275D0}.Debug|Any CPU.Build.0 = Debug|Any CPU
		{21705279-4ADA-4639-828E-B30608D275D0}.Release|Any CPU.ActiveCfg = Release|Any CPU
		{21705279-4ADA-4639-828E-B30608D275D0}.Release|Any CPU.Build.0 = Release|Any CPU
		{229C57C0-6364-4DCC-9FBD-2834D5D8060B}.Debug|Any CPU.ActiveCfg = Debug|Any CPU
		{229C57C0-6364-4DCC-9FBD-2834D5D8060B}.Debug|Any CPU.Build.0 = Debug|Any CPU
		{229C57C0-6364-4DCC-9FBD-2834D5D8060B}.Release|Any CPU.ActiveCfg = Release|Any CPU
		{229C57C0-6364-4DCC-9FBD-2834D5D8060B}.Release|Any CPU.Build.0 = Release|Any CPU
		{4A9240FE-9CFA-4C51-8047-335AF0352C61}.Debug|Any CPU.ActiveCfg = Debug|Any CPU
		{4A9240FE-9CFA-4C51-8047-335AF0352C61}.Debug|Any CPU.Build.0 = Debug|Any CPU
		{4A9240FE-9CFA-4C51-8047-335AF0352C61}.Release|Any CPU.ActiveCfg = Release|Any CPU
		{4A9240FE-9CFA-4C51-8047-335AF0352C61}.Release|Any CPU.Build.0 = Release|Any CPU
		{B3C7F01F-7D6E-4802-982D-6384E034DDFE}.Debug|Any CPU.ActiveCfg = Debug|Any CPU
		{B3C7F01F-7D6E-4802-982D-6384E034DDFE}.Debug|Any CPU.Build.0 = Debug|Any CPU
		{B3C7F01F-7D6E-4802-982D-6384E034DDFE}.Release|Any CPU.ActiveCfg = Release|Any CPU
		{B3C7F01F-7D6E-4802-982D-6384E034DDFE}.Release|Any CPU.Build.0 = Release|Any CPU
	EndGlobalSection
	GlobalSection(SolutionProperties) = preSolution
		HideSolutionNode = FALSE
	EndGlobalSection
EndGlobal
