
Microsoft Visual Studio Solution File, Format Version 12.00
# Visual Studio 15
VisualStudioVersion = 15.0.26430.16
MinimumVisualStudioVersion = 10.0.40219.1
Project("{FAE04EC0-301F-11D3-BF4B-00C04F79EFBC}") = "SingeltonExample", "SingeltonExample\SingeltonExample.csproj", "{C07F58AE-6502-4A6F-89F5-796EFC00B769}"
EndProject
Project("{FAE04EC0-301F-11D3-BF4B-00C04F79EFBC}") = "FactoryMethodExample", "FactoryMethodExample\FactoryMethodExample.csproj", "{175F4C5E-B039-4B31-9BF9-54B3202B39A3}"
EndProject
Project("{FAE04EC0-301F-11D3-BF4B-00C04F79EFBC}") = "BuilderExample", "BuilderExample\BuilderExample.csproj", "{17156A0A-C98D-4396-B752-AC824438C05D}"
EndProject
Project("{FAE04EC0-301F-11D3-BF4B-00C04F79EFBC}") = "CompositeExample", "CompositeExample\CompositeExample.csproj", "{998488A5-B2FD-48D5-8C9C-B417DC485A42}"
EndProject
Global
	GlobalSection(SolutionConfigurationPlatforms) = preSolution
		Debug|Any CPU = Debug|Any CPU
		Release|Any CPU = Release|Any CPU
	EndGlobalSection
	GlobalSection(ProjectConfigurationPlatforms) = postSolution
		{C07F58AE-6502-4A6F-89F5-796EFC00B769}.Debug|Any CPU.ActiveCfg = Debug|Any CPU
		{C07F58AE-6502-4A6F-89F5-796EFC00B769}.Debug|Any CPU.Build.0 = Debug|Any CPU
		{C07F58AE-6502-4A6F-89F5-796EFC00B769}.Release|Any CPU.ActiveCfg = Release|Any CPU
		{C07F58AE-6502-4A6F-89F5-796EFC00B769}.Release|Any CPU.Build.0 = Release|Any CPU
		{175F4C5E-B039-4B31-9BF9-54B3202B39A3}.Debug|Any CPU.ActiveCfg = Debug|Any CPU
		{175F4C5E-B039-4B31-9BF9-54B3202B39A3}.Debug|Any CPU.Build.0 = Debug|Any CPU
		{175F4C5E-B039-4B31-9BF9-54B3202B39A3}.Release|Any CPU.ActiveCfg = Release|Any CPU
		{175F4C5E-B039-4B31-9BF9-54B3202B39A3}.Release|Any CPU.Build.0 = Release|Any CPU
		{17156A0A-C98D-4396-B752-AC824438C05D}.Debug|Any CPU.ActiveCfg = Debug|Any CPU
		{17156A0A-C98D-4396-B752-AC824438C05D}.Debug|Any CPU.Build.0 = Debug|Any CPU
		{17156A0A-C98D-4396-B752-AC824438C05D}.Release|Any CPU.ActiveCfg = Release|Any CPU
		{17156A0A-C98D-4396-B752-AC824438C05D}.Release|Any CPU.Build.0 = Release|Any CPU
		{998488A5-B2FD-48D5-8C9C-B417DC485A42}.Debug|Any CPU.ActiveCfg = Debug|Any CPU
		{998488A5-B2FD-48D5-8C9C-B417DC485A42}.Debug|Any CPU.Build.0 = Debug|Any CPU
		{998488A5-B2FD-48D5-8C9C-B417DC485A42}.Release|Any CPU.ActiveCfg = Release|Any CPU
		{998488A5-B2FD-48D5-8C9C-B417DC485A42}.Release|Any CPU.Build.0 = Release|Any CPU
	EndGlobalSection
	GlobalSection(SolutionProperties) = preSolution
		HideSolutionNode = FALSE
	EndGlobalSection
EndGlobal
